
Microsoft Visual Studio Solution File, Format Version 12.00
# Visual Studio 15
VisualStudioVersion = 15.0.27130.2020
MinimumVisualStudioVersion = 10.0.40219.1
Project("{9A19103F-16F7-4668-BE54-9A1E7A4F7556}") = "HolaMundo", "HolaMundo.csproj", "{DC530BAC-86F2-4B6C-8006-A5A2E925B6E0}"
EndProject
Global
	GlobalSection(SolutionConfigurationPlatforms) = preSolution
		Debug|Any CPU = Debug|Any CPU
		Release|Any CPU = Release|Any CPU
	EndGlobalSection
	GlobalSection(ProjectConfigurationPlatforms) = postSolution
		{DC530BAC-86F2-4B6C-8006-A5A2E925B6E0}.Debug|Any CPU.ActiveCfg = Debug|Any CPU
		{DC530BAC-86F2-4B6C-8006-A5A2E925B6E0}.Debug|Any CPU.Build.0 = Debug|Any CPU
		{DC530BAC-86F2-4B6C-8006-A5A2E925B6E0}.Release|Any CPU.ActiveCfg = Release|Any CPU
		{DC530BAC-86F2-4B6C-8006-A5A2E925B6E0}.Release|Any CPU.Build.0 = Release|Any CPU
	EndGlobalSection
	GlobalSection(SolutionProperties) = preSolution
		HideSolutionNode = FALSE
	EndGlobalSection
	GlobalSection(ExtensibilityGlobals) = postSolution
		SolutionGuid = {A7DFB479-2544-49C6-A910-4E3604B9A795}
	EndGlobalSection
EndGlobal
